
Microsoft Visual Studio Solution File, Format Version 12.00
# Visual Studio Version 17
VisualStudioVersion = 17.14.36310.24 d17.14
MinimumVisualStudioVersion = 10.0.40219.1
Project("{FAE04EC0-301F-11D3-BF4B-00C04F79EFBC}") = "Assignment 6.1.3", "Assignment 6.1.3.csproj", "{C9729DE4-B3A6-48DC-8FCE-E681651CE30D}"
EndProject
Global
	GlobalSection(SolutionConfigurationPlatforms) = preSolution
		Debug|Any CPU = Debug|Any CPU
		Release|Any CPU = Release|Any CPU
	EndGlobalSection
	GlobalSection(ProjectConfigurationPlatforms) = postSolution
		{C9729DE4-B3A6-48DC-8FCE-E681651CE30D}.Debug|Any CPU.ActiveCfg = Debug|Any CPU
		{C9729DE4-B3A6-48DC-8FCE-E681651CE30D}.Debug|Any CPU.Build.0 = Debug|Any CPU
		{C9729DE4-B3A6-48DC-8FCE-E681651CE30D}.Release|Any CPU.ActiveCfg = Release|Any CPU
		{C9729DE4-B3A6-48DC-8FCE-E681651CE30D}.Release|Any CPU.Build.0 = Release|Any CPU
	EndGlobalSection
	GlobalSection(SolutionProperties) = preSolution
		HideSolutionNode = FALSE
	EndGlobalSection
	GlobalSection(ExtensibilityGlobals) = postSolution
		SolutionGuid = {1F4E93ED-C689-47CF-A1D7-4CD820BFFA69}
	EndGlobalSection
EndGlobal
